
Microsoft Visual Studio Solution File, Format Version 11.00
# Visual Studio 2010
Project("{2857B73E-F847-4B02-9238-064979017E93}") = "Z", "Z\Z.cproj", "{25B9887F-263B-4D5A-B7DD-E8C5DC93ABDE}"
EndProject
Project("{FAE04EC0-301F-11D3-BF4B-00C04F79EFBC}") = "Tests", "Tests\Tests.csproj", "{20B26795-4DD0-4E7E-960D-C621A3330681}"
EndProject
Project("{FAE04EC0-301F-11D3-BF4B-00C04F79EFBC}") = "MapReduce", "MapReduce\MapReduce.csproj", "{E8966E12-B916-4B70-A4E2-69389B9A4B80}"
EndProject
Global
	GlobalSection(SolutionConfigurationPlatforms) = preSolution
		Debug|Any CPU = Debug|Any CPU
		Release|Any CPU = Release|Any CPU
	EndGlobalSection
	GlobalSection(ProjectConfigurationPlatforms) = postSolution
		{20B26795-4DD0-4E7E-960D-C621A3330681}.Debug|Any CPU.ActiveCfg = Debug|Any CPU
		{20B26795-4DD0-4E7E-960D-C621A3330681}.Debug|Any CPU.Build.0 = Debug|Any CPU
		{20B26795-4DD0-4E7E-960D-C621A3330681}.Release|Any CPU.ActiveCfg = Release|Any CPU
		{20B26795-4DD0-4E7E-960D-C621A3330681}.Release|Any CPU.Build.0 = Release|Any CPU
		{25B9887F-263B-4D5A-B7DD-E8C5DC93ABDE}.Debug|Any CPU.ActiveCfg = Debug|Any CPU
		{25B9887F-263B-4D5A-B7DD-E8C5DC93ABDE}.Debug|Any CPU.Build.0 = Debug|Any CPU
		{25B9887F-263B-4D5A-B7DD-E8C5DC93ABDE}.Release|Any CPU.ActiveCfg = Release|Any CPU
		{25B9887F-263B-4D5A-B7DD-E8C5DC93ABDE}.Release|Any CPU.Build.0 = Release|Any CPU
		{E8966E12-B916-4B70-A4E2-69389B9A4B80}.Debug|Any CPU.ActiveCfg = Debug|Any CPU
		{E8966E12-B916-4B70-A4E2-69389B9A4B80}.Debug|Any CPU.Build.0 = Debug|Any CPU
		{E8966E12-B916-4B70-A4E2-69389B9A4B80}.Release|Any CPU.ActiveCfg = Release|Any CPU
		{E8966E12-B916-4B70-A4E2-69389B9A4B80}.Release|Any CPU.Build.0 = Release|Any CPU
	EndGlobalSection
	GlobalSection(MonoDevelopProperties) = preSolution
		StartupItem = MapReduce\MapReduce.csproj
	EndGlobalSection
EndGlobal
